
Microsoft Visual Studio Solution File, Format Version 12.00
# Visual Studio Version 17
VisualStudioVersion = 17.14.36221.1 d17.14
MinimumVisualStudioVersion = 10.0.40219.1
Project("{FAE04EC0-301F-11D3-BF4B-00C04F79EFBC}") = "Turnuva_API", "Turnuva_API\Turnuva_API.csproj", "{EDDAF018-8480-4F90-9B26-9DFFD723CDD0}"
EndProject
Global
	GlobalSection(SolutionConfigurationPlatforms) = preSolution
		Debug|Any CPU = Debug|Any CPU
		Release|Any CPU = Release|Any CPU
	EndGlobalSection
	GlobalSection(ProjectConfigurationPlatforms) = postSolution
		{EDDAF018-8480-4F90-9B26-9DFFD723CDD0}.Debug|Any CPU.ActiveCfg = Debug|Any CPU
		{EDDAF018-8480-4F90-9B26-9DFFD723CDD0}.Debug|Any CPU.Build.0 = Debug|Any CPU
		{EDDAF018-8480-4F90-9B26-9DFFD723CDD0}.Release|Any CPU.ActiveCfg = Release|Any CPU
		{EDDAF018-8480-4F90-9B26-9DFFD723CDD0}.Release|Any CPU.Build.0 = Release|Any CPU
	EndGlobalSection
	GlobalSection(SolutionProperties) = preSolution
		HideSolutionNode = FALSE
	EndGlobalSection
	GlobalSection(ExtensibilityGlobals) = postSolution
		SolutionGuid = {D45CE698-1C7B-4369-A799-D6DDD42E5F06}
	EndGlobalSection
EndGlobal
